// !$*UTF8*$!
{
	archiveVersion = 1;
	classes = {
	};
	objectVersion = 55;
	objects = {

/* Begin PBXBuildFile section */
		0CF126914F6EA9AAC3B44D76 /* Pods_instagram_demoTests.framework in Frameworks */ = {isa = PBXBuildFile; fileRef = C8CC16C9E286D6569F1FD5A4 /* Pods_instagram_demoTests.framework */; };
		102B544EF2C5FBABBBC7FD4F /* Pods_instagram_demo_instagram_demoUITests.framework in Frameworks */ = {isa = PBXBuildFile; fileRef = 92635486D3D56204F6A7B527 /* Pods_instagram_demo_instagram_demoUITests.framework */; };
		A383DD8C7B7320244F4017A1 /* Pods_instagram_demo.framework in Frameworks */ = {isa = PBXBuildFile; fileRef = 4D5E0A474465FDE5CCEAC136 /* Pods_instagram_demo.framework */; };
		B4353D9D27E569D80082E041 /* LoginViewController.swift in Sources */ = {isa = PBXBuildFile; fileRef = B4353D9C27E569D80082E041 /* LoginViewController.swift */; };
		B4353D9F27E56A0E0082E041 /* FeedViewController.swift in Sources */ = {isa = PBXBuildFile; fileRef = B4353D9E27E56A0E0082E041 /* FeedViewController.swift */; };
		B4353DA127E577A20082E041 /* CameraViewController.swift in Sources */ = {isa = PBXBuildFile; fileRef = B4353DA027E577A20082E041 /* CameraViewController.swift */; };
		B4699D5927E5534E0051043E /* AppDelegate.swift in Sources */ = {isa = PBXBuildFile; fileRef = B4699D5827E5534E0051043E /* AppDelegate.swift */; };
		B4699D5B27E5534E0051043E /* SceneDelegate.swift in Sources */ = {isa = PBXBuildFile; fileRef = B4699D5A27E5534E0051043E /* SceneDelegate.swift */; };
		B4699D6027E5534E0051043E /* Main.storyboard in Resources */ = {isa = PBXBuildFile; fileRef = B4699D5E27E5534E0051043E /* Main.storyboard */; };
		B4699D6227E553540051043E /* Assets.xcassets in Resources */ = {isa = PBXBuildFile; fileRef = B4699D6127E553540051043E /* Assets.xcassets */; };
		B4699D6527E553540051043E /* LaunchScreen.storyboard in Resources */ = {isa = PBXBuildFile; fileRef = B4699D6327E553540051043E /* LaunchScreen.storyboard */; };
		B4699D7027E553550051043E /* instagram_demoTests.swift in Sources */ = {isa = PBXBuildFile; fileRef = B4699D6F27E553550051043E /* instagram_demoTests.swift */; };
		B4699D7A27E553550051043E /* instagram_demoUITests.swift in Sources */ = {isa = PBXBuildFile; fileRef = B4699D7927E553550051043E /* instagram_demoUITests.swift */; };
		B4699D7C27E553550051043E /* instagram_demoUITestsLaunchTests.swift in Sources */ = {isa = PBXBuildFile; fileRef = B4699D7B27E553550051043E /* instagram_demoUITestsLaunchTests.swift */; };
/* End PBXBuildFile section */

/* Begin PBXContainerItemProxy section */
		B4699D6C27E553550051043E /* PBXContainerItemProxy */ = {
			isa = PBXContainerItemProxy;
			containerPortal = B4699D4D27E5534E0051043E /* Project object */;
			proxyType = 1;
			remoteGlobalIDString = B4699D5427E5534E0051043E;
			remoteInfo = "instagram-demo";
		};
		B4699D7627E553550051043E /* PBXContainerItemProxy */ = {
			isa = PBXContainerItemProxy;
			containerPortal = B4699D4D27E5534E0051043E /* Project object */;
			proxyType = 1;
			remoteGlobalIDString = B4699D5427E5534E0051043E;
			remoteInfo = "instagram-demo";
		};
/* End PBXContainerItemProxy section */

/* Begin PBXFileReference section */
		093436223D0DDDD3F8D27E63 /* Pods-instagram-demoTests.debug.xcconfig */ = {isa = PBXFileReference; includeInIndex = 1; lastKnownFileType = text.xcconfig; name = "Pods-instagram-demoTests.debug.xcconfig"; path = "Target Support Files/Pods-instagram-demoTests/Pods-instagram-demoTests.debug.xcconfig"; sourceTree = "<group>"; };
		4D5E0A474465FDE5CCEAC136 /* Pods_instagram_demo.framework */ = {isa = PBXFileReference; explicitFileType = wrapper.framework; includeInIndex = 0; path = Pods_instagram_demo.framework; sourceTree = BUILT_PRODUCTS_DIR; };
		6A9ECB9F2D64F82A60C2A2B8 /* Pods-instagram-demo-instagram-demoUITests.debug.xcconfig */ = {isa = PBXFileReference; includeInIndex = 1; lastKnownFileType = text.xcconfig; name = "Pods-instagram-demo-instagram-demoUITests.debug.xcconfig"; path = "Target Support Files/Pods-instagram-demo-instagram-demoUITests/Pods-instagram-demo-instagram-demoUITests.debug.xcconfig"; sourceTree = "<group>"; };
		7D711A585D4F9B4CAFCE13B4 /* Pods-instagram-demo.debug.xcconfig */ = {isa = PBXFileReference; includeInIndex = 1; lastKnownFileType = text.xcconfig; name = "Pods-instagram-demo.debug.xcconfig"; path = "Target Support Files/Pods-instagram-demo/Pods-instagram-demo.debug.xcconfig"; sourceTree = "<group>"; };
		92635486D3D56204F6A7B527 /* Pods_instagram_demo_instagram_demoUITests.framework */ = {isa = PBXFileReference; explicitFileType = wrapper.framework; includeInIndex = 0; path = Pods_instagram_demo_instagram_demoUITests.framework; sourceTree = BUILT_PRODUCTS_DIR; };
		B4353D9C27E569D80082E041 /* LoginViewController.swift */ = {isa = PBXFileReference; lastKnownFileType = sourcecode.swift; path = LoginViewController.swift; sourceTree = "<group>"; };
		B4353D9E27E56A0E0082E041 /* FeedViewController.swift */ = {isa = PBXFileReference; lastKnownFileType = sourcecode.swift; path = FeedViewController.swift; sourceTree = "<group>"; };
		B4353DA027E577A20082E041 /* CameraViewController.swift */ = {isa = PBXFileReference; lastKnownFileType = sourcecode.swift; path = CameraViewController.swift; sourceTree = "<group>"; };
		B4699D5527E5534E0051043E /* instagram-demo.app */ = {isa = PBXFileReference; explicitFileType = wrapper.application; includeInIndex = 0; path = "instagram-demo.app"; sourceTree = BUILT_PRODUCTS_DIR; };
		B4699D5827E5534E0051043E /* AppDelegate.swift */ = {isa = PBXFileReference; lastKnownFileType = sourcecode.swift; path = AppDelegate.swift; sourceTree = "<group>"; };
		B4699D5A27E5534E0051043E /* SceneDelegate.swift */ = {isa = PBXFileReference; lastKnownFileType = sourcecode.swift; path = SceneDelegate.swift; sourceTree = "<group>"; };
		B4699D5F27E5534E0051043E /* Base */ = {isa = PBXFileReference; lastKnownFileType = file.storyboard; name = Base; path = Base.lproj/Main.storyboard; sourceTree = "<group>"; };
		B4699D6127E553540051043E /* Assets.xcassets */ = {isa = PBXFileReference; lastKnownFileType = folder.assetcatalog; path = Assets.xcassets; sourceTree = "<group>"; };
		B4699D6427E553540051043E /* Base */ = {isa = PBXFileReference; lastKnownFileType = file.storyboard; name = Base; path = Base.lproj/LaunchScreen.storyboard; sourceTree = "<group>"; };
		B4699D6627E553540051043E /* Info.plist */ = {isa = PBXFileReference; lastKnownFileType = text.plist.xml; path = Info.plist; sourceTree = "<group>"; };
		B4699D6B27E553550051043E /* instagram-demoTests.xctest */ = {isa = PBXFileReference; explicitFileType = wrapper.cfbundle; includeInIndex = 0; path = "instagram-demoTests.xctest"; sourceTree = BUILT_PRODUCTS_DIR; };
		B4699D6F27E553550051043E /* instagram_demoTests.swift */ = {isa = PBXFileReference; lastKnownFileType = sourcecode.swift; path = instagram_demoTests.swift; sourceTree = "<group>"; };
		B4699D7527E553550051043E /* instagram-demoUITests.xctest */ = {isa = PBXFileReference; explicitFileType = wrapper.cfbundle; includeInIndex = 0; path = "instagram-demoUITests.xctest"; sourceTree = BUILT_PRODUCTS_DIR; };
		B4699D7927E553550051043E /* instagram_demoUITests.swift */ = {isa = PBXFileReference; lastKnownFileType = sourcecode.swift; path = instagram_demoUITests.swift; sourceTree = "<group>"; };
		B4699D7B27E553550051043E /* instagram_demoUITestsLaunchTests.swift */ = {isa = PBXFileReference; lastKnownFileType = sourcecode.swift; path = instagram_demoUITestsLaunchTests.swift; sourceTree = "<group>"; };
		C8CC16C9E286D6569F1FD5A4 /* Pods_instagram_demoTests.framework */ = {isa = PBXFileReference; explicitFileType = wrapper.framework; includeInIndex = 0; path = Pods_instagram_demoTests.framework; sourceTree = BUILT_PRODUCTS_DIR; };
		D716FFC26662E7810B857AE1 /* Pods-instagram-demo-instagram-demoUITests.release.xcconfig */ = {isa = PBXFileReference; includeInIndex = 1; lastKnownFileType = text.xcconfig; name = "Pods-instagram-demo-instagram-demoUITests.release.xcconfig"; path = "Target Support Files/Pods-instagram-demo-instagram-demoUITests/Pods-instagram-demo-instagram-demoUITests.release.xcconfig"; sourceTree = "<group>"; };
		DA0BD4466CB9059EB7ED5084 /* Pods-instagram-demo.release.xcconfig */ = {isa = PBXFileReference; includeInIndex = 1; lastKnownFileType = text.xcconfig; name = "Pods-instagram-demo.release.xcconfig"; path = "Target Support Files/Pods-instagram-demo/Pods-instagram-demo.release.xcconfig"; sourceTree = "<group>"; };
		E1BD726F98AA2C65F571FFFB /* Pods-instagram-demoTests.release.xcconfig */ = {isa = PBXFileReference; includeInIndex = 1; lastKnownFileType = text.xcconfig; name = "Pods-instagram-demoTests.release.xcconfig"; path = "Target Support Files/Pods-instagram-demoTests/Pods-instagram-demoTests.release.xcconfig"; sourceTree = "<group>"; };
/* End PBXFileReference section */

/* Begin PBXFrameworksBuildPhase section */
		B4699D5227E5534E0051043E /* Frameworks */ = {
			isa = PBXFrameworksBuildPhase;
			buildActionMask = 2147483647;
			files = (
				A383DD8C7B7320244F4017A1 /* Pods_instagram_demo.framework in Frameworks */,
			);
			runOnlyForDeploymentPostprocessing = 0;
		};
		B4699D6827E553550051043E /* Frameworks */ = {
			isa = PBXFrameworksBuildPhase;
			buildActionMask = 2147483647;
			files = (
				0CF126914F6EA9AAC3B44D76 /* Pods_instagram_demoTests.framework in Frameworks */,
			);
			runOnlyForDeploymentPostprocessing = 0;
		};
		B4699D7227E553550051043E /* Frameworks */ = {
			isa = PBXFrameworksBuildPhase;
			buildActionMask = 2147483647;
			files = (
				102B544EF2C5FBABBBC7FD4F /* Pods_instagram_demo_instagram_demoUITests.framework in Frameworks */,
			);
			runOnlyForDeploymentPostprocessing = 0;
		};
/* End PBXFrameworksBuildPhase section */

/* Begin PBXGroup section */
		3C784B2D5D7E6E4DA51EF48C /* Frameworks */ = {
			isa = PBXGroup;
			children = (
				4D5E0A474465FDE5CCEAC136 /* Pods_instagram_demo.framework */,
				92635486D3D56204F6A7B527 /* Pods_instagram_demo_instagram_demoUITests.framework */,
				C8CC16C9E286D6569F1FD5A4 /* Pods_instagram_demoTests.framework */,
			);
			name = Frameworks;
			sourceTree = "<group>";
		};
		4700334AC39E865E196F28ED /* Pods */ = {
			isa = PBXGroup;
			children = (
				7D711A585D4F9B4CAFCE13B4 /* Pods-instagram-demo.debug.xcconfig */,
				DA0BD4466CB9059EB7ED5084 /* Pods-instagram-demo.release.xcconfig */,
				6A9ECB9F2D64F82A60C2A2B8 /* Pods-instagram-demo-instagram-demoUITests.debug.xcconfig */,
				D716FFC26662E7810B857AE1 /* Pods-instagram-demo-instagram-demoUITests.release.xcconfig */,
				093436223D0DDDD3F8D27E63 /* Pods-instagram-demoTests.debug.xcconfig */,
				E1BD726F98AA2C65F571FFFB /* Pods-instagram-demoTests.release.xcconfig */,
			);
			path = Pods;
			sourceTree = "<group>";
		};
		B4699D4C27E5534E0051043E = {
			isa = PBXGroup;
			children = (
				B4699D5727E5534E0051043E /* instagram-demo */,
				B4699D6E27E553550051043E /* instagram-demoTests */,
				B4699D7827E553550051043E /* instagram-demoUITests */,
				B4699D5627E5534E0051043E /* Products */,
				4700334AC39E865E196F28ED /* Pods */,
				3C784B2D5D7E6E4DA51EF48C /* Frameworks */,
			);
			sourceTree = "<group>";
		};
		B4699D5627E5534E0051043E /* Products */ = {
			isa = PBXGroup;
			children = (
				B4699D5527E5534E0051043E /* instagram-demo.app */,
				B4699D6B27E553550051043E /* instagram-demoTests.xctest */,
				B4699D7527E553550051043E /* instagram-demoUITests.xctest */,
			);
			name = Products;
			sourceTree = "<group>";
		};
		B4699D5727E5534E0051043E /* instagram-demo */ = {
			isa = PBXGroup;
			children = (
				B4699D5827E5534E0051043E /* AppDelegate.swift */,
				B4699D5A27E5534E0051043E /* SceneDelegate.swift */,
				B4699D5E27E5534E0051043E /* Main.storyboard */,
				B4353DA027E577A20082E041 /* CameraViewController.swift */,
				B4353D9E27E56A0E0082E041 /* FeedViewController.swift */,
				B4353D9C27E569D80082E041 /* LoginViewController.swift */,
				B4699D6127E553540051043E /* Assets.xcassets */,
				B4699D6327E553540051043E /* LaunchScreen.storyboard */,
				B4699D6627E553540051043E /* Info.plist */,
			);
			path = "instagram-demo";
			sourceTree = "<group>";
		};
		B4699D6E27E553550051043E /* instagram-demoTests */ = {
			isa = PBXGroup;
			children = (
				B4699D6F27E553550051043E /* instagram_demoTests.swift */,
			);
			path = "instagram-demoTests";
			sourceTree = "<group>";
		};
		B4699D7827E553550051043E /* instagram-demoUITests */ = {
			isa = PBXGroup;
			children = (
				B4699D7927E553550051043E /* instagram_demoUITests.swift */,
				B4699D7B27E553550051043E /* instagram_demoUITestsLaunchTests.swift */,
			);
			path = "instagram-demoUITests";
			sourceTree = "<group>";
		};
/* End PBXGroup section */

/* Begin PBXNativeTarget section */
		B4699D5427E5534E0051043E /* instagram-demo */ = {
			isa = PBXNativeTarget;
			buildConfigurationList = B4699D7F27E553550051043E /* Build configuration list for PBXNativeTarget "instagram-demo" */;
			buildPhases = (
				F579AC5EAC55576299F49B15 /* [CP] Check Pods Manifest.lock */,
				B4699D5127E5534E0051043E /* Sources */,
				B4699D5227E5534E0051043E /* Frameworks */,
				B4699D5327E5534E0051043E /* Resources */,
				B29F895F93E746F5176FE4D4 /* [CP] Embed Pods Frameworks */,
			);
			buildRules = (
			);
			dependencies = (
			);
			name = "instagram-demo";
			productName = "instagram-demo";
			productReference = B4699D5527E5534E0051043E /* instagram-demo.app */;
			productType = "com.apple.product-type.application";
		};
		B4699D6A27E553550051043E /* instagram-demoTests */ = {
			isa = PBXNativeTarget;
			buildConfigurationList = B4699D8227E553550051043E /* Build configuration list for PBXNativeTarget "instagram-demoTests" */;
			buildPhases = (
				AD6D4E9D463DDDAF8197E5AD /* [CP] Check Pods Manifest.lock */,
				B4699D6727E553550051043E /* Sources */,
				B4699D6827E553550051043E /* Frameworks */,
				B4699D6927E553550051043E /* Resources */,
			);
			buildRules = (
			);
			dependencies = (
				B4699D6D27E553550051043E /* PBXTargetDependency */,
			);
			name = "instagram-demoTests";
			productName = "instagram-demoTests";
			productReference = B4699D6B27E553550051043E /* instagram-demoTests.xctest */;
			productType = "com.apple.product-type.bundle.unit-test";
		};
		B4699D7427E553550051043E /* instagram-demoUITests */ = {
			isa = PBXNativeTarget;
			buildConfigurationList = B4699D8527E553550051043E /* Build configuration list for PBXNativeTarget "instagram-demoUITests" */;
			buildPhases = (
				EA258B992BB9CEA64400CAA3 /* [CP] Check Pods Manifest.lock */,
				B4699D7127E553550051043E /* Sources */,
				B4699D7227E553550051043E /* Frameworks */,
				B4699D7327E553550051043E /* Resources */,
				0CF0CB4C59519265812CF624 /* [CP] Embed Pods Frameworks */,
			);
			buildRules = (
			);
			dependencies = (
				B4699D7727E553550051043E /* PBXTargetDependency */,
			);
			name = "instagram-demoUITests";
			productName = "instagram-demoUITests";
			productReference = B4699D7527E553550051043E /* instagram-demoUITests.xctest */;
			productType = "com.apple.product-type.bundle.ui-testing";
		};
/* End PBXNativeTarget section */

/* Begin PBXProject section */
		B4699D4D27E5534E0051043E /* Project object */ = {
			isa = PBXProject;
			attributes = {
				BuildIndependentTargetsInParallel = 1;
				LastSwiftUpdateCheck = 1320;
				LastUpgradeCheck = 1320;
				TargetAttributes = {
					B4699D5427E5534E0051043E = {
						CreatedOnToolsVersion = 13.2.1;
					};
					B4699D6A27E553550051043E = {
						CreatedOnToolsVersion = 13.2.1;
						TestTargetID = B4699D5427E5534E0051043E;
					};
					B4699D7427E553550051043E = {
						CreatedOnToolsVersion = 13.2.1;
						TestTargetID = B4699D5427E5534E0051043E;
					};
				};
			};
			buildConfigurationList = B4699D5027E5534E0051043E /* Build configuration list for PBXProject "instagram-demo" */;
			compatibilityVersion = "Xcode 13.0";
			developmentRegion = en;
			hasScannedForEncodings = 0;
			knownRegions = (
				en,
				Base,
			);
			mainGroup = B4699D4C27E5534E0051043E;
			productRefGroup = B4699D5627E5534E0051043E /* Products */;
			projectDirPath = "";
			projectRoot = "";
			targets = (
				B4699D5427E5534E0051043E /* instagram-demo */,
				B4699D6A27E553550051043E /* instagram-demoTests */,
				B4699D7427E553550051043E /* instagram-demoUITests */,
			);
		};
/* End PBXProject section */

/* Begin PBXResourcesBuildPhase section */
		B4699D5327E5534E0051043E /* Resources */ = {
			isa = PBXResourcesBuildPhase;
			buildActionMask = 2147483647;
			files = (
				B4699D6527E553540051043E /* LaunchScreen.storyboard in Resources */,
				B4699D6227E553540051043E /* Assets.xcassets in Resources */,
				B4699D6027E5534E0051043E /* Main.storyboard in Resources */,
			);
			runOnlyForDeploymentPostprocessing = 0;
		};
		B4699D6927E553550051043E /* Resources */ = {
			isa = PBXResourcesBuildPhase;
			buildActionMask = 2147483647;
			files = (
			);
			runOnlyForDeploymentPostprocessing = 0;
		};
		B4699D7327E553550051043E /* Resources */ = {
			isa = PBXResourcesBuildPhase;
			buildActionMask = 2147483647;
			files = (
			);
			runOnlyForDeploymentPostprocessing = 0;
		};
/* End PBXResourcesBuildPhase section */

/* Begin PBXShellScriptBuildPhase section */
		0CF0CB4C59519265812CF624 /* [CP] Embed Pods Frameworks */ = {
			isa = PBXShellScriptBuildPhase;
			buildActionMask = 2147483647;
			files = (
			);
			inputFileListPaths = (
				"${PODS_ROOT}/Target Support Files/Pods-instagram-demo-instagram-demoUITests/Pods-instagram-demo-instagram-demoUITests-frameworks-${CONFIGURATION}-input-files.xcfilelist",
			);
			name = "[CP] Embed Pods Frameworks";
			outputFileListPaths = (
				"${PODS_ROOT}/Target Support Files/Pods-instagram-demo-instagram-demoUITests/Pods-instagram-demo-instagram-demoUITests-frameworks-${CONFIGURATION}-output-files.xcfilelist",
			);
			runOnlyForDeploymentPostprocessing = 0;
			shellPath = /bin/sh;
			shellScript = "\"${PODS_ROOT}/Target Support Files/Pods-instagram-demo-instagram-demoUITests/Pods-instagram-demo-instagram-demoUITests-frameworks.sh\"\n";
			showEnvVarsInLog = 0;
		};
		AD6D4E9D463DDDAF8197E5AD /* [CP] Check Pods Manifest.lock */ = {
			isa = PBXShellScriptBuildPhase;
			buildActionMask = 2147483647;
			files = (
			);
			inputFileListPaths = (
			);
			inputPaths = (
				"${PODS_PODFILE_DIR_PATH}/Podfile.lock",
				"${PODS_ROOT}/Manifest.lock",
			);
			name = "[CP] Check Pods Manifest.lock";
			outputFileListPaths = (
			);
			outputPaths = (
				"$(DERIVED_FILE_DIR)/Pods-instagram-demoTests-checkManifestLockResult.txt",
			);
			runOnlyForDeploymentPostprocessing = 0;
			shellPath = /bin/sh;
			shellScript = "diff \"${PODS_PODFILE_DIR_PATH}/Podfile.lock\" \"${PODS_ROOT}/Manifest.lock\" > /dev/null\nif [ $? != 0 ] ; then\n    # print error to STDERR\n    echo \"error: The sandbox is not in sync with the Podfile.lock. Run 'pod install' or update your CocoaPods installation.\" >&2\n    exit 1\nfi\n# This output is used by Xcode 'outputs' to avoid re-running this script phase.\necho \"SUCCESS\" > \"${SCRIPT_OUTPUT_FILE_0}\"\n";
			showEnvVarsInLog = 0;
		};
		B29F895F93E746F5176FE4D4 /* [CP] Embed Pods Frameworks */ = {
			isa = PBXShellScriptBuildPhase;
			buildActionMask = 2147483647;
			files = (
			);
			inputFileListPaths = (
				"${PODS_ROOT}/Target Support Files/Pods-instagram-demo/Pods-instagram-demo-frameworks-${CONFIGURATION}-input-files.xcfilelist",
			);
			name = "[CP] Embed Pods Frameworks";
			outputFileListPaths = (
				"${PODS_ROOT}/Target Support Files/Pods-instagram-demo/Pods-instagram-demo-frameworks-${CONFIGURATION}-output-files.xcfilelist",
			);
			runOnlyForDeploymentPostprocessing = 0;
			shellPath = /bin/sh;
			shellScript = "\"${PODS_ROOT}/Target Support Files/Pods-instagram-demo/Pods-instagram-demo-frameworks.sh\"\n";
			showEnvVarsInLog = 0;
		};
		EA258B992BB9CEA64400CAA3 /* [CP] Check Pods Manifest.lock */ = {
			isa = PBXShellScriptBuildPhase;
			buildActionMask = 2147483647;
			files = (
			);
			inputFileListPaths = (
			);
			inputPaths = (
				"${PODS_PODFILE_DIR_PATH}/Podfile.lock",
				"${PODS_ROOT}/Manifest.lock",
			);
			name = "[CP] Check Pods Manifest.lock";
			outputFileListPaths = (
			);
			outputPaths = (
				"$(DERIVED_FILE_DIR)/Pods-instagram-demo-instagram-demoUITests-checkManifestLockResult.txt",
			);
			runOnlyForDeploymentPostprocessing = 0;
			shellPath = /bin/sh;
			shellScript = "diff \"${PODS_PODFILE_DIR_PATH}/Podfile.lock\" \"${PODS_ROOT}/Manifest.lock\" > /dev/null\nif [ $? != 0 ] ; then\n    # print error to STDERR\n    echo \"error: The sandbox is not in sync with the Podfile.lock. Run 'pod install' or update your CocoaPods installation.\" >&2\n    exit 1\nfi\n# This output is used by Xcode 'outputs' to avoid re-running this script phase.\necho \"SUCCESS\" > \"${SCRIPT_OUTPUT_FILE_0}\"\n";
			showEnvVarsInLog = 0;
		};
		F579AC5EAC55576299F49B15 /* [CP] Check Pods Manifest.lock */ = {
			isa = PBXShellScriptBuildPhase;
			buildActionMask = 2147483647;
			files = (
			);
			inputFileListPaths = (
			);
			inputPaths = (
				"${PODS_PODFILE_DIR_PATH}/Podfile.lock",
				"${PODS_ROOT}/Manifest.lock",
			);
			name = "[CP] Check Pods Manifest.lock";
			outputFileListPaths = (
			);
			outputPaths = (
				"$(DERIVED_FILE_DIR)/Pods-instagram-demo-checkManifestLockResult.txt",
			);
			runOnlyForDeploymentPostprocessing = 0;
			shellPath = /bin/sh;
			shellScript = "diff \"${PODS_PODFILE_DIR_PATH}/Podfile.lock\" \"${PODS_ROOT}/Manifest.lock\" > /dev/null\nif [ $? != 0 ] ; then\n    # print error to STDERR\n    echo \"error: The sandbox is not in sync with the Podfile.lock. Run 'pod install' or update your CocoaPods installation.\" >&2\n    exit 1\nfi\n# This output is used by Xcode 'outputs' to avoid re-running this script phase.\necho \"SUCCESS\" > \"${SCRIPT_OUTPUT_FILE_0}\"\n";
			showEnvVarsInLog = 0;
		};
/* End PBXShellScriptBuildPhase section */

/* Begin PBXSourcesBuildPhase section */
		B4699D5127E5534E0051043E /* Sources */ = {
			isa = PBXSourcesBuildPhase;
			buildActionMask = 2147483647;
			files = (
				B4353D9D27E569D80082E041 /* LoginViewController.swift in Sources */,
				B4353DA127E577A20082E041 /* CameraViewController.swift in Sources */,
				B4699D5927E5534E0051043E /* AppDelegate.swift in Sources */,
				B4353D9F27E56A0E0082E041 /* FeedViewController.swift in Sources */,
				B4699D5B27E5534E0051043E /* SceneDelegate.swift in Sources */,
			);
			runOnlyForDeploymentPostprocessing = 0;
		};
		B4699D6727E553550051043E /* Sources */ = {
			isa = PBXSourcesBuildPhase;
			buildActionMask = 2147483647;
			files = (
				B4699D7027E553550051043E /* instagram_demoTests.swift in Sources */,
			);
			runOnlyForDeploymentPostprocessing = 0;
		};
		B4699D7127E553550051043E /* Sources */ = {
			isa = PBXSourcesBuildPhase;
			buildActionMask = 2147483647;
			files = (
				B4699D7C27E553550051043E /* instagram_demoUITestsLaunchTests.swift in Sources */,
				B4699D7A27E553550051043E /* instagram_demoUITests.swift in Sources */,
			);
			runOnlyForDeploymentPostprocessing = 0;
		};
/* End PBXSourcesBuildPhase section */

/* Begin PBXTargetDependency section */
		B4699D6D27E553550051043E /* PBXTargetDependency */ = {
			isa = PBXTargetDependency;
			target = B4699D5427E5534E0051043E /* instagram-demo */;
			targetProxy = B4699D6C27E553550051043E /* PBXContainerItemProxy */;
		};
		B4699D7727E553550051043E /* PBXTargetDependency */ = {
			isa = PBXTargetDependency;
			target = B4699D5427E5534E0051043E /* instagram-demo */;
			targetProxy = B4699D7627E553550051043E /* PBXContainerItemProxy */;
		};
/* End PBXTargetDependency section */

/* Begin PBXVariantGroup section */
		B4699D5E27E5534E0051043E /* Main.storyboard */ = {
			isa = PBXVariantGroup;
			children = (
				B4699D5F27E5534E0051043E /* Base */,
			);
			name = Main.storyboard;
			sourceTree = "<group>";
		};
		B4699D6327E553540051043E /* LaunchScreen.storyboard */ = {
			isa = PBXVariantGroup;
			children = (
				B4699D6427E553540051043E /* Base */,
			);
			name = LaunchScreen.storyboard;
			sourceTree = "<group>";
		};
/* End PBXVariantGroup section */

/* Begin XCBuildConfiguration section */
		B4699D7D27E553550051043E /* Debug */ = {
			isa = XCBuildConfiguration;
			buildSettings = {
				ALWAYS_SEARCH_USER_PATHS = NO;
				CLANG_ANALYZER_NONNULL = YES;
				CLANG_ANALYZER_NUMBER_OBJECT_CONVERSION = YES_AGGRESSIVE;
				CLANG_CXX_LANGUAGE_STANDARD = "gnu++17";
				CLANG_CXX_LIBRARY = "libc++";
				CLANG_ENABLE_MODULES = YES;
				CLANG_ENABLE_OBJC_ARC = YES;
				CLANG_ENABLE_OBJC_WEAK = YES;
				CLANG_WARN_BLOCK_CAPTURE_AUTORELEASING = YES;
				CLANG_WARN_BOOL_CONVERSION = YES;
				CLANG_WARN_COMMA = YES;
				CLANG_WARN_CONSTANT_CONVERSION = YES;
				CLANG_WARN_DEPRECATED_OBJC_IMPLEMENTATIONS = YES;
				CLANG_WARN_DIRECT_OBJC_ISA_USAGE = YES_ERROR;
				CLANG_WARN_DOCUMENTATION_COMMENTS = YES;
				CLANG_WARN_EMPTY_BODY = YES;
				CLANG_WARN_ENUM_CONVERSION = YES;
				CLANG_WARN_INFINITE_RECURSION = YES;
				CLANG_WARN_INT_CONVERSION = YES;
				CLANG_WARN_NON_LITERAL_NULL_CONVERSION = YES;
				CLANG_WARN_OBJC_IMPLICIT_RETAIN_SELF = YES;
				CLANG_WARN_OBJC_LITERAL_CONVERSION = YES;
				CLANG_WARN_OBJC_ROOT_CLASS = YES_ERROR;
				CLANG_WARN_QUOTED_INCLUDE_IN_FRAMEWORK_HEADER = YES;
				CLANG_WARN_RANGE_LOOP_ANALYSIS = YES;
				CLANG_WARN_STRICT_PROTOTYPES = YES;
				CLANG_WARN_SUSPICIOUS_MOVE = YES;
				CLANG_WARN_UNGUARDED_AVAILABILITY = YES_AGGRESSIVE;
				CLANG_WARN_UNREACHABLE_CODE = YES;
				CLANG_WARN__DUPLICATE_METHOD_MATCH = YES;
				COPY_PHASE_STRIP = NO;
				DEBUG_INFORMATION_FORMAT = dwarf;
				ENABLE_STRICT_OBJC_MSGSEND = YES;
				ENABLE_TESTABILITY = YES;
				GCC_C_LANGUAGE_STANDARD = gnu11;
				GCC_DYNAMIC_NO_PIC = NO;
				GCC_NO_COMMON_BLOCKS = YES;
				GCC_OPTIMIZATION_LEVEL = 0;
				GCC_PREPROCESSOR_DEFINITIONS = (
					"DEBUG=1",
					"$(inherited)",
				);
				GCC_WARN_64_TO_32_BIT_CONVERSION = YES;
				GCC_WARN_ABOUT_RETURN_TYPE = YES_ERROR;
				GCC_WARN_UNDECLARED_SELECTOR = YES;
				GCC_WARN_UNINITIALIZED_AUTOS = YES_AGGRESSIVE;
				GCC_WARN_UNUSED_FUNCTION = YES;
				GCC_WARN_UNUSED_VARIABLE = YES;
				IPHONEOS_DEPLOYMENT_TARGET = 15.2;
				MTL_ENABLE_DEBUG_INFO = INCLUDE_SOURCE;
				MTL_FAST_MATH = YES;
				ONLY_ACTIVE_ARCH = YES;
				SDKROOT = iphoneos;
				SWIFT_ACTIVE_COMPILATION_CONDITIONS = DEBUG;
				SWIFT_OPTIMIZATION_LEVEL = "-Onone";
			};
			name = Debug;
		};
		B4699D7E27E553550051043E /* Release */ = {
			isa = XCBuildConfiguration;
			buildSettings = {
				ALWAYS_SEARCH_USER_PATHS = NO;
				CLANG_ANALYZER_NONNULL = YES;
				CLANG_ANALYZER_NUMBER_OBJECT_CONVERSION = YES_AGGRESSIVE;
				CLANG_CXX_LANGUAGE_STANDARD = "gnu++17";
				CLANG_CXX_LIBRARY = "libc++";
				CLANG_ENABLE_MODULES = YES;
				CLANG_ENABLE_OBJC_ARC = YES;
				CLANG_ENABLE_OBJC_WEAK = YES;
				CLANG_WARN_BLOCK_CAPTURE_AUTORELEASING = YES;
				CLANG_WARN_BOOL_CONVERSION = YES;
				CLANG_WARN_COMMA = YES;
				CLANG_WARN_CONSTANT_CONVERSION = YES;
				CLANG_WARN_DEPRECATED_OBJC_IMPLEMENTATIONS = YES;
				CLANG_WARN_DIRECT_OBJC_ISA_USAGE = YES_ERROR;
				CLANG_WARN_DOCUMENTATION_COMMENTS = YES;
				CLANG_WARN_EMPTY_BODY = YES;
				CLANG_WARN_ENUM_CONVERSION = YES;
				CLANG_WARN_INFINITE_RECURSION = YES;
				CLANG_WARN_INT_CONVERSION = YES;
				CLANG_WARN_NON_LITERAL_NULL_CONVERSION = YES;
				CLANG_WARN_OBJC_IMPLICIT_RETAIN_SELF = YES;
				CLANG_WARN_OBJC_LITERAL_CONVERSION = YES;
				CLANG_WARN_OBJC_ROOT_CLASS = YES_ERROR;
				CLANG_WARN_QUOTED_INCLUDE_IN_FRAMEWORK_HEADER = YES;
				CLANG_WARN_RANGE_LOOP_ANALYSIS = YES;
				CLANG_WARN_STRICT_PROTOTYPES = YES;
				CLANG_WARN_SUSPICIOUS_MOVE = YES;
				CLANG_WARN_UNGUARDED_AVAILABILITY = YES_AGGRESSIVE;
				CLANG_WARN_UNREACHABLE_CODE = YES;
				CLANG_WARN__DUPLICATE_METHOD_MATCH = YES;
				COPY_PHASE_STRIP = NO;
				DEBUG_INFORMATION_FORMAT = "dwarf-with-dsym";
				ENABLE_NS_ASSERTIONS = NO;
				ENABLE_STRICT_OBJC_MSGSEND = YES;
				GCC_C_LANGUAGE_STANDARD = gnu11;
				GCC_NO_COMMON_BLOCKS = YES;
				GCC_WARN_64_TO_32_BIT_CONVERSION = YES;
				GCC_WARN_ABOUT_RETURN_TYPE = YES_ERROR;
				GCC_WARN_UNDECLARED_SELECTOR = YES;
				GCC_WARN_UNINITIALIZED_AUTOS = YES_AGGRESSIVE;
				GCC_WARN_UNUSED_FUNCTION = YES;
				GCC_WARN_UNUSED_VARIABLE = YES;
				IPHONEOS_DEPLOYMENT_TARGET = 15.2;
				MTL_ENABLE_DEBUG_INFO = NO;
				MTL_FAST_MATH = YES;
				SDKROOT = iphoneos;
				SWIFT_COMPILATION_MODE = wholemodule;
				SWIFT_OPTIMIZATION_LEVEL = "-O";
				VALIDATE_PRODUCT = YES;
			};
			name = Release;
		};
		B4699D8027E553550051043E /* Debug */ = {
			isa = XCBuildConfiguration;
			baseConfigurationReference = 7D711A585D4F9B4CAFCE13B4 /* Pods-instagram-demo.debug.xcconfig */;
			buildSettings = {
				ASSETCATALOG_COMPILER_APPICON_NAME = AppIcon;
				ASSETCATALOG_COMPILER_GLOBAL_ACCENT_COLOR_NAME = AccentColor;
				CODE_SIGN_STYLE = Automatic;
				CURRENT_PROJECT_VERSION = 1;
				GENERATE_INFOPLIST_FILE = YES;
				INFOPLIST_FILE = "instagram-demo/Info.plist";
				INFOPLIST_KEY_UIApplicationSupportsIndirectInputEvents = YES;
				INFOPLIST_KEY_UILaunchStoryboardName = LaunchScreen;
				INFOPLIST_KEY_UIMainStoryboardFile = Main;
				INFOPLIST_KEY_UISupportedInterfaceOrientations_iPad = "UIInterfaceOrientationPortrait UIInterfaceOrientationPortraitUpsideDown UIInterfaceOrientationLandscapeLeft UIInterfaceOrientationLandscapeRight";
				INFOPLIST_KEY_UISupportedInterfaceOrientations_iPhone = "UIInterfaceOrientationPortrait UIInterfaceOrientationLandscapeLeft UIInterfaceOrientationLandscapeRight";
				LD_RUNPATH_SEARCH_PATHS = (
					"$(inherited)",
					"@executable_path/Frameworks",
				);
				MARKETING_VERSION = 1.0;
				PRODUCT_BUNDLE_IDENTIFIER = "-11.instagram-demo";
				PRODUCT_NAME = "$(TARGET_NAME)";
				SWIFT_EMIT_LOC_STRINGS = YES;
				SWIFT_VERSION = 5.0;
				TARGETED_DEVICE_FAMILY = "1,2";
			};
			name = Debug;
		};
		B4699D8127E553550051043E /* Release */ = {
			isa = XCBuildConfiguration;
			baseConfigurationReference = DA0BD4466CB9059EB7ED5084 /* Pods-instagram-demo.release.xcconfig */;
			buildSettings = {
				ASSETCATALOG_COMPILER_APPICON_NAME = AppIcon;
				ASSETCATALOG_COMPILER_GLOBAL_ACCENT_COLOR_NAME = AccentColor;
				CODE_SIGN_STYLE = Automatic;
				CURRENT_PROJECT_VERSION = 1;
				GENERATE_INFOPLIST_FILE = YES;
				INFOPLIST_FILE = "instagram-demo/Info.plist";
				INFOPLIST_KEY_UIApplicationSupportsIndirectInputEvents = YES;
				INFOPLIST_KEY_UILaunchStoryboardName = LaunchScreen;
				INFOPLIST_KEY_UIMainStoryboardFile = Main;
				INFOPLIST_KEY_UISupportedInterfaceOrientations_iPad = "UIInterfaceOrientationPortrait UIInterfaceOrientationPortraitUpsideDown UIInterfaceOrientationLandscapeLeft UIInterfaceOrientationLandscapeRight";
				INFOPLIST_KEY_UISupportedInterfaceOrientations_iPhone = "UIInterfaceOrientationPortrait UIInterfaceOrientationLandscapeLeft UIInterfaceOrientationLandscapeRight";
				LD_RUNPATH_SEARCH_PATHS = (
					"$(inherited)",
					"@executable_path/Frameworks",
				);
				MARKETING_VERSION = 1.0;
				PRODUCT_BUNDLE_IDENTIFIER = "-11.instagram-demo";
				PRODUCT_NAME = "$(TARGET_NAME)";
				SWIFT_EMIT_LOC_STRINGS = YES;
				SWIFT_VERSION = 5.0;
				TARGETED_DEVICE_FAMILY = "1,2";
			};
			name = Release;
		};
		B4699D8327E553550051043E /* Debug */ = {
			isa = XCBuildConfiguration;
			baseConfigurationReference = 093436223D0DDDD3F8D27E63 /* Pods-instagram-demoTests.debug.xcconfig */;
			buildSettings = {
				ALWAYS_EMBED_SWIFT_STANDARD_LIBRARIES = YES;
				BUNDLE_LOADER = "$(TEST_HOST)";
				CODE_SIGN_STYLE = Automatic;
				CURRENT_PROJECT_VERSION = 1;
				GENERATE_INFOPLIST_FILE = YES;
				IPHONEOS_DEPLOYMENT_TARGET = 15.2;
				MARKETING_VERSION = 1.0;
				PRODUCT_BUNDLE_IDENTIFIER = "-11.instagram-demoTests";
				PRODUCT_NAME = "$(TARGET_NAME)";
				SWIFT_EMIT_LOC_STRINGS = NO;
				SWIFT_VERSION = 5.0;
				TARGETED_DEVICE_FAMILY = "1,2";
				TEST_HOST = "$(BUILT_PRODUCTS_DIR)/instagram-demo.app/instagram-demo";
			};
			name = Debug;
		};
		B4699D8427E553550051043E /* Release */ = {
			isa = XCBuildConfiguration;
			baseConfigurationReference = E1BD726F98AA2C65F571FFFB /* Pods-instagram-demoTests.release.xcconfig */;
			buildSettings = {
				ALWAYS_EMBED_SWIFT_STANDARD_LIBRARIES = YES;
				BUNDLE_LOADER = "$(TEST_HOST)";
				CODE_SIGN_STYLE = Automatic;
				CURRENT_PROJECT_VERSION = 1;
				GENERATE_INFOPLIST_FILE = YES;
				IPHONEOS_DEPLOYMENT_TARGET = 15.2;
				MARKETING_VERSION = 1.0;
				PRODUCT_BUNDLE_IDENTIFIER = "-11.instagram-demoTests";
				PRODUCT_NAME = "$(TARGET_NAME)";
				SWIFT_EMIT_LOC_STRINGS = NO;
				SWIFT_VERSION = 5.0;
				TARGETED_DEVICE_FAMILY = "1,2";
				TEST_HOST = "$(BUILT_PRODUCTS_DIR)/instagram-demo.app/instagram-demo";
			};
			name = Release;
		};
		B4699D8627E553550051043E /* Debug */ = {
			isa = XCBuildConfiguration;
			baseConfigurationReference = 6A9ECB9F2D64F82A60C2A2B8 /* Pods-instagram-demo-instagram-demoUITests.debug.xcconfig */;
			buildSettings = {
				ALWAYS_EMBED_SWIFT_STANDARD_LIBRARIES = YES;
				CODE_SIGN_STYLE = Automatic;
				CURRENT_PROJECT_VERSION = 1;
				GENERATE_INFOPLIST_FILE = YES;
				MARKETING_VERSION = 1.0;
				PRODUCT_BUNDLE_IDENTIFIER = "-11.instagram-demoUITests";
				PRODUCT_NAME = "$(TARGET_NAME)";
				SWIFT_EMIT_LOC_STRINGS = NO;
				SWIFT_VERSION = 5.0;
				TARGETED_DEVICE_FAMILY = "1,2";
				TEST_TARGET_NAME = "instagram-demo";
			};
			name = Debug;
		};
		B4699D8727E553550051043E /* Release */ = {
			isa = XCBuildConfiguration;
			baseConfigurationReference = D716FFC26662E7810B857AE1 /* Pods-instagram-demo-instagram-demoUITests.release.xcconfig */;
			buildSettings = {
				ALWAYS_EMBED_SWIFT_STANDARD_LIBRARIES = YES;
				CODE_SIGN_STYLE = Automatic;
				CURRENT_PROJECT_VERSION = 1;
				GENERATE_INFOPLIST_FILE = YES;
				MARKETING_VERSION = 1.0;
				PRODUCT_BUNDLE_IDENTIFIER = "-11.instagram-demoUITests";
				PRODUCT_NAME = "$(TARGET_NAME)";
				SWIFT_EMIT_LOC_STRINGS = NO;
				SWIFT_VERSION = 5.0;
				TARGETED_DEVICE_FAMILY = "1,2";
				TEST_TARGET_NAME = "instagram-demo";
			};
			name = Release;
		};
/* End XCBuildConfiguration section */

/* Begin XCConfigurationList section */
		B4699D5027E5534E0051043E /* Build configuration list for PBXProject "instagram-demo" */ = {
			isa = XCConfigurationList;
			buildConfigurations = (
				B4699D7D27E553550051043E /* Debug */,
				B4699D7E27E553550051043E /* Release */,
			);
			defaultConfigurationIsVisible = 0;
			defaultConfigurationName = Release;
		};
		B4699D7F27E553550051043E /* Build configuration list for PBXNativeTarget "instagram-demo" */ = {
			isa = XCConfigurationList;
			buildConfigurations = (
				B4699D8027E553550051043E /* Debug */,
				B4699D8127E553550051043E /* Release */,
			);
			defaultConfigurationIsVisible = 0;
			defaultConfigurationName = Release;
		};
		B4699D8227E553550051043E /* Build configuration list for PBXNativeTarget "instagram-demoTests" */ = {
			isa = XCConfigurationList;
			buildConfigurations = (
				B4699D8327E553550051043E /* Debug */,
				B4699D8427E553550051043E /* Release */,
			);
			defaultConfigurationIsVisible = 0;
			defaultConfigurationName = Release;
		};
		B4699D8527E553550051043E /* Build configuration list for PBXNativeTarget "instagram-demoUITests" */ = {
			isa = XCConfigurationList;
			buildConfigurations = (
				B4699D8627E553550051043E /* Debug */,
				B4699D8727E553550051043E /* Release */,
			);
			defaultConfigurationIsVisible = 0;
			defaultConfigurationName = Release;
		};
/* End XCConfigurationList section */
	};
	rootObject = B4699D4D27E5534E0051043E /* Project object */;
}
